// !$*UTF8*$!
{
	archiveVersion = 1;
	classes = {
	};
	objectVersion = 50;
	objects = {

/* Begin PBXBuildFile section */
		99339F3B21764C3300497F32 /* AppDelegate.swift in Sources */ = {isa = PBXBuildFile; fileRef = 99339F3A21764C3300497F32 /* AppDelegate.swift */; };
		99339F3D21764C3300497F32 /* ViewController.swift in Sources */ = {isa = PBXBuildFile; fileRef = 99339F3C21764C3300497F32 /* ViewController.swift */; };
		99339F4021764C3300497F32 /* Main.storyboard in Resources */ = {isa = PBXBuildFile; fileRef = 99339F3E21764C3300497F32 /* Main.storyboard */; };
		99339F4221764C3400497F32 /* Assets.xcassets in Resources */ = {isa = PBXBuildFile; fileRef = 99339F4121764C3400497F32 /* Assets.xcassets */; };
		99339F4521764C3400497F32 /* LaunchScreen.storyboard in Resources */ = {isa = PBXBuildFile; fileRef = 99339F4321764C3400497F32 /* LaunchScreen.storyboard */; };
		99339F5021764C3400497F32 /* CICDExampleTests.swift in Sources */ = {isa = PBXBuildFile; fileRef = 99339F4F21764C3400497F32 /* CICDExampleTests.swift */; };
/* End PBXBuildFile section */

/* Begin PBXContainerItemProxy section */
		99339F4C21764C3400497F32 /* PBXContainerItemProxy */ = {
			isa = PBXContainerItemProxy;
			containerPortal = 99339F2F21764C3200497F32 /* Project object */;
			proxyType = 1;
			remoteGlobalIDString = 99339F3621764C3200497F32;
			remoteInfo = CICDExample;
		};
/* End PBXContainerItemProxy section */

/* Begin PBXFileReference section */
		99339F3721764C3300497F32 /* CICDExample.app */ = {isa = PBXFileReference; explicitFileType = wrapper.application; includeInIndex = 0; path = CICDExample.app; sourceTree = BUILT_PRODUCTS_DIR; };
		99339F3A21764C3300497F32 /* AppDelegate.swift */ = {isa = PBXFileReference; lastKnownFileType = sourcecode.swift; path = AppDelegate.swift; sourceTree = "<group>"; };
		99339F3C21764C3300497F32 /* ViewController.swift */ = {isa = PBXFileReference; lastKnownFileType = sourcecode.swift; path = ViewController.swift; sourceTree = "<group>"; };
		99339F3F21764C3300497F32 /* Base */ = {isa = PBXFileReference; lastKnownFileType = file.storyboard; name = Base; path = Base.lproj/Main.storyboard; sourceTree = "<group>"; };
		99339F4121764C3400497F32 /* Assets.xcassets */ = {isa = PBXFileReference; lastKnownFileType = folder.assetcatalog; path = Assets.xcassets; sourceTree = "<group>"; };
		99339F4421764C3400497F32 /* Base */ = {isa = PBXFileReference; lastKnownFileType = file.storyboard; name = Base; path = Base.lproj/LaunchScreen.storyboard; sourceTree = "<group>"; };
		99339F4621764C3400497F32 /* Info.plist */ = {isa = PBXFileReference; lastKnownFileType = text.plist.xml; path = Info.plist; sourceTree = "<group>"; };
		99339F4B21764C3400497F32 /* CICDExampleTests.xctest */ = {isa = PBXFileReference; explicitFileType = wrapper.cfbundle; includeInIndex = 0; path = CICDExampleTests.xctest; sourceTree = BUILT_PRODUCTS_DIR; };
		99339F4F21764C3400497F32 /* CICDExampleTests.swift */ = {isa = PBXFileReference; lastKnownFileType = sourcecode.swift; path = CICDExampleTests.swift; sourceTree = "<group>"; };
		99339F5121764C3400497F32 /* Info.plist */ = {isa = PBXFileReference; lastKnownFileType = text.plist.xml; path = Info.plist; sourceTree = "<group>"; };
/* End PBXFileReference section */

/* Begin PBXFrameworksBuildPhase section */
		99339F3421764C3200497F32 /* Frameworks */ = {
			isa = PBXFrameworksBuildPhase;
			buildActionMask = 2147483647;
			files = (
			);
			runOnlyForDeploymentPostprocessing = 0;
		};
		99339F4821764C3400497F32 /* Frameworks */ = {
			isa = PBXFrameworksBuildPhase;
			buildActionMask = 2147483647;
			files = (
			);
			runOnlyForDeploymentPostprocessing = 0;
		};
/* End PBXFrameworksBuildPhase section */

/* Begin PBXGroup section */
		99339F2E21764C3200497F32 = {
			isa = PBXGroup;
			children = (
				99339F3921764C3300497F32 /* CICDExample */,
				99339F4E21764C3400497F32 /* CICDExampleTests */,
				99339F3821764C3300497F32 /* Products */,
			);
			sourceTree = "<group>";
		};
		99339F3821764C3300497F32 /* Products */ = {
			isa = PBXGroup;
			children = (
				99339F3721764C3300497F32 /* CICDExample.app */,
				99339F4B21764C3400497F32 /* CICDExampleTests.xctest */,
			);
			name = Products;
			sourceTree = "<group>";
		};
		99339F3921764C3300497F32 /* CICDExample */ = {
			isa = PBXGroup;
			children = (
				99339F3A21764C3300497F32 /* AppDelegate.swift */,
				99339F3C21764C3300497F32 /* ViewController.swift */,
				99339F3E21764C3300497F32 /* Main.storyboard */,
				99339F4121764C3400497F32 /* Assets.xcassets */,
				99339F4321764C3400497F32 /* LaunchScreen.storyboard */,
				99339F4621764C3400497F32 /* Info.plist */,
			);
			path = CICDExample;
			sourceTree = "<group>";
		};
		99339F4E21764C3400497F32 /* CICDExampleTests */ = {
			isa = PBXGroup;
			children = (
				99339F4F21764C3400497F32 /* CICDExampleTests.swift */,
				99339F5121764C3400497F32 /* Info.plist */,
			);
			path = CICDExampleTests;
			sourceTree = "<group>";
		};
/* End PBXGroup section */

/* Begin PBXNativeTarget section */
		99339F3621764C3200497F32 /* CICDExample */ = {
			isa = PBXNativeTarget;
			buildConfigurationList = 99339F5421764C3400497F32 /* Build configuration list for PBXNativeTarget "CICDExample" */;
			buildPhases = (
				99339F3321764C3200497F32 /* Sources */,
				99339F3421764C3200497F32 /* Frameworks */,
				99339F3521764C3200497F32 /* Resources */,
			);
			buildRules = (
			);
			dependencies = (
			);
			name = CICDExample;
			productName = CICDExample;
			productReference = 99339F3721764C3300497F32 /* CICDExample.app */;
			productType = "com.apple.product-type.application";
		};
		99339F4A21764C3400497F32 /* CICDExampleTests */ = {
			isa = PBXNativeTarget;
			buildConfigurationList = 99339F5721764C3400497F32 /* Build configuration list for PBXNativeTarget "CICDExampleTests" */;
			buildPhases = (
				99339F4721764C3400497F32 /* Sources */,
				99339F4821764C3400497F32 /* Frameworks */,
				99339F4921764C3400497F32 /* Resources */,
			);
			buildRules = (
			);
			dependencies = (
				99339F4D21764C3400497F32 /* PBXTargetDependency */,
			);
			name = CICDExampleTests;
			productName = CICDExampleTests;
			productReference = 99339F4B21764C3400497F32 /* CICDExampleTests.xctest */;
			productType = "com.apple.product-type.bundle.unit-test";
		};
/* End PBXNativeTarget section */

/* Begin PBXProject section */
		99339F2F21764C3200497F32 /* Project object */ = {
			isa = PBXProject;
			attributes = {
				LastSwiftUpdateCheck = 0940;
				LastUpgradeCheck = 0940;
				ORGANIZATIONNAME = thiago.lioy;
				TargetAttributes = {
					99339F3621764C3200497F32 = {
						CreatedOnToolsVersion = 9.4.1;
					};
					99339F4A21764C3400497F32 = {
						CreatedOnToolsVersion = 9.4.1;
						TestTargetID = 99339F3621764C3200497F32;
					};
				};
			};
			buildConfigurationList = 99339F3221764C3200497F32 /* Build configuration list for PBXProject "CICDExample" */;
			compatibilityVersion = "Xcode 9.3";
			developmentRegion = en;
			hasScannedForEncodings = 0;
			knownRegions = (
				en,
				Base,
			);
			mainGroup = 99339F2E21764C3200497F32;
			productRefGroup = 99339F3821764C3300497F32 /* Products */;
			projectDirPath = "";
			projectRoot = "";
			targets = (
				99339F3621764C3200497F32 /* CICDExample */,
				99339F4A21764C3400497F32 /* CICDExampleTests */,
			);
		};
/* End PBXProject section */

/* Begin PBXResourcesBuildPhase section */
		99339F3521764C3200497F32 /* Resources */ = {
			isa = PBXResourcesBuildPhase;
			buildActionMask = 2147483647;
			files = (
				99339F4521764C3400497F32 /* LaunchScreen.storyboard in Resources */,
				99339F4221764C3400497F32 /* Assets.xcassets in Resources */,
				99339F4021764C3300497F32 /* Main.storyboard in Resources */,
			);
			runOnlyForDeploymentPostprocessing = 0;
		};
		99339F4921764C3400497F32 /* Resources */ = {
			isa = PBXResourcesBuildPhase;
			buildActionMask = 2147483647;
			files = (
			);
			runOnlyForDeploymentPostprocessing = 0;
		};
/* End PBXResourcesBuildPhase section */

/* Begin PBXSourcesBuildPhase section */
		99339F3321764C3200497F32 /* Sources */ = {
			isa = PBXSourcesBuildPhase;
			buildActionMask = 2147483647;
			files = (
				99339F3D21764C3300497F32 /* ViewController.swift in Sources */,
				99339F3B21764C3300497F32 /* AppDelegate.swift in Sources */,
			);
			runOnlyForDeploymentPostprocessing = 0;
		};
		99339F4721764C3400497F32 /* Sources */ = {
			isa = PBXSourcesBuildPhase;
			buildActionMask = 2147483647;
			files = (
				99339F5021764C3400497F32 /* CICDExampleTests.swift in Sources */,
			);
			runOnlyForDeploymentPostprocessing = 0;
		};
/* End PBXSourcesBuildPhase section */

/* Begin PBXTargetDependency section */
		99339F4D21764C3400497F32 /* PBXTargetDependency */ = {
			isa = PBXTargetDependency;
			target = 99339F3621764C3200497F32 /* CICDExample */;
			targetProxy = 99339F4C21764C3400497F32 /* PBXContainerItemProxy */;
		};
/* End PBXTargetDependency section */

/* Begin PBXVariantGroup section */
		99339F3E21764C3300497F32 /* Main.storyboard */ = {
			isa = PBXVariantGroup;
			children = (
				99339F3F21764C3300497F32 /* Base */,
			);
			name = Main.storyboard;
			sourceTree = "<group>";
		};
		99339F4321764C3400497F32 /* LaunchScreen.storyboard */ = {
			isa = PBXVariantGroup;
			children = (
				99339F4421764C3400497F32 /* Base */,
			);
			name = LaunchScreen.storyboard;
			sourceTree = "<group>";
		};
/* End PBXVariantGroup section */

/* Begin XCBuildConfiguration section */
		99339F5221764C3400497F32 /* Debug */ = {
			isa = XCBuildConfiguration;
			buildSettings = {
				ALWAYS_SEARCH_USER_PATHS = NO;
				CLANG_ANALYZER_NONNULL = YES;
				CLANG_ANALYZER_NUMBER_OBJECT_CONVERSION = YES_AGGRESSIVE;
				CLANG_CXX_LANGUAGE_STANDARD = "gnu++14";
				CLANG_CXX_LIBRARY = "libc++";
				CLANG_ENABLE_MODULES = YES;
				CLANG_ENABLE_OBJC_ARC = YES;
				CLANG_ENABLE_OBJC_WEAK = YES;
				CLANG_WARN_BLOCK_CAPTURE_AUTORELEASING = YES;
				CLANG_WARN_BOOL_CONVERSION = YES;
				CLANG_WARN_COMMA = YES;
				CLANG_WARN_CONSTANT_CONVERSION = YES;
				CLANG_WARN_DEPRECATED_OBJC_IMPLEMENTATIONS = YES;
				CLANG_WARN_DIRECT_OBJC_ISA_USAGE = YES_ERROR;
				CLANG_WARN_DOCUMENTATION_COMMENTS = YES;
				CLANG_WARN_EMPTY_BODY = YES;
				CLANG_WARN_ENUM_CONVERSION = YES;
				CLANG_WARN_INFINITE_RECURSION = YES;
				CLANG_WARN_INT_CONVERSION = YES;
				CLANG_WARN_NON_LITERAL_NULL_CONVERSION = YES;
				CLANG_WARN_OBJC_IMPLICIT_RETAIN_SELF = YES;
				CLANG_WARN_OBJC_LITERAL_CONVERSION = YES;
				CLANG_WARN_OBJC_ROOT_CLASS = YES_ERROR;
				CLANG_WARN_RANGE_LOOP_ANALYSIS = YES;
				CLANG_WARN_STRICT_PROTOTYPES = YES;
				CLANG_WARN_SUSPICIOUS_MOVE = YES;
				CLANG_WARN_UNGUARDED_AVAILABILITY = YES_AGGRESSIVE;
				CLANG_WARN_UNREACHABLE_CODE = YES;
				CLANG_WARN__DUPLICATE_METHOD_MATCH = YES;
				CODE_SIGN_IDENTITY = "iPhone Developer";
				COPY_PHASE_STRIP = NO;
				DEBUG_INFORMATION_FORMAT = dwarf;
				ENABLE_STRICT_OBJC_MSGSEND = YES;
				ENABLE_TESTABILITY = YES;
				GCC_C_LANGUAGE_STANDARD = gnu11;
				GCC_DYNAMIC_NO_PIC = NO;
				GCC_NO_COMMON_BLOCKS = YES;
				GCC_OPTIMIZATION_LEVEL = 0;
				GCC_PREPROCESSOR_DEFINITIONS = (
					"DEBUG=1",
					"$(inherited)",
				);
				GCC_WARN_64_TO_32_BIT_CONVERSION = YES;
				GCC_WARN_ABOUT_RETURN_TYPE = YES_ERROR;
				GCC_WARN_UNDECLARED_SELECTOR = YES;
				GCC_WARN_UNINITIALIZED_AUTOS = YES_AGGRESSIVE;
				GCC_WARN_UNUSED_FUNCTION = YES;
				GCC_WARN_UNUSED_VARIABLE = YES;
				IPHONEOS_DEPLOYMENT_TARGET = 11.4;
				MTL_ENABLE_DEBUG_INFO = YES;
				ONLY_ACTIVE_ARCH = YES;
				SDKROOT = iphoneos;
				SWIFT_ACTIVE_COMPILATION_CONDITIONS = DEBUG;
				SWIFT_OPTIMIZATION_LEVEL = "-Onone";
			};
			name = Debug;
		};
		99339F5321764C3400497F32 /* Release */ = {
			isa = XCBuildConfiguration;
			buildSettings = {
				ALWAYS_SEARCH_USER_PATHS = NO;
				CLANG_ANALYZER_NONNULL = YES;
				CLANG_ANALYZER_NUMBER_OBJECT_CONVERSION = YES_AGGRESSIVE;
				CLANG_CXX_LANGUAGE_STANDARD = "gnu++14";
				CLANG_CXX_LIBRARY = "libc++";
				CLANG_ENABLE_MODULES = YES;
				CLANG_ENABLE_OBJC_ARC = YES;
				CLANG_ENABLE_OBJC_WEAK = YES;
				CLANG_WARN_BLOCK_CAPTURE_AUTORELEASING = YES;
				CLANG_WARN_BOOL_CONVERSION = YES;
				CLANG_WARN_COMMA = YES;
				CLANG_WARN_CONSTANT_CONVERSION = YES;
				CLANG_WARN_DEPRECATED_OBJC_IMPLEMENTATIONS = YES;
				CLANG_WARN_DIRECT_OBJC_ISA_USAGE = YES_ERROR;
				CLANG_WARN_DOCUMENTATION_COMMENTS = YES;
				CLANG_WARN_EMPTY_BODY = YES;
				CLANG_WARN_ENUM_CONVERSION = YES;
				CLANG_WARN_INFINITE_RECURSION = YES;
				CLANG_WARN_INT_CONVERSION = YES;
				CLANG_WARN_NON_LITERAL_NULL_CONVERSION = YES;
				CLANG_WARN_OBJC_IMPLICIT_RETAIN_SELF = YES;
				CLANG_WARN_OBJC_LITERAL_CONVERSION = YES;
				CLANG_WARN_OBJC_ROOT_CLASS = YES_ERROR;
				CLANG_WARN_RANGE_LOOP_ANALYSIS = YES;
				CLANG_WARN_STRICT_PROTOTYPES = YES;
				CLANG_WARN_SUSPICIOUS_MOVE = YES;
				CLANG_WARN_UNGUARDED_AVAILABILITY = YES_AGGRESSIVE;
				CLANG_WARN_UNREACHABLE_CODE = YES;
				CLANG_WARN__DUPLICATE_METHOD_MATCH = YES;
				CODE_SIGN_IDENTITY = "iPhone Developer";
				COPY_PHASE_STRIP = NO;
				DEBUG_INFORMATION_FORMAT = "dwarf-with-dsym";
				ENABLE_NS_ASSERTIONS = NO;
				ENABLE_STRICT_OBJC_MSGSEND = YES;
				GCC_C_LANGUAGE_STANDARD = gnu11;
				GCC_NO_COMMON_BLOCKS = YES;
				GCC_WARN_64_TO_32_BIT_CONVERSION = YES;
				GCC_WARN_ABOUT_RETURN_TYPE = YES_ERROR;
				GCC_WARN_UNDECLARED_SELECTOR = YES;
				GCC_WARN_UNINITIALIZED_AUTOS = YES_AGGRESSIVE;
				GCC_WARN_UNUSED_FUNCTION = YES;
				GCC_WARN_UNUSED_VARIABLE = YES;
				IPHONEOS_DEPLOYMENT_TARGET = 11.4;
				MTL_ENABLE_DEBUG_INFO = NO;
				SDKROOT = iphoneos;
				SWIFT_COMPILATION_MODE = wholemodule;
				SWIFT_OPTIMIZATION_LEVEL = "-O";
				VALIDATE_PRODUCT = YES;
			};
			name = Release;
		};
		99339F5521764C3400497F32 /* Debug */ = {
			isa = XCBuildConfiguration;
			buildSettings = {
				ASSETCATALOG_COMPILER_APPICON_NAME = AppIcon;
				CODE_SIGN_STYLE = Manual;
				CURRENT_PROJECT_VERSION = 6;
				DEVELOPMENT_TEAM = 83C3V38WSB;
				INFOPLIST_FILE = CICDExample/Info.plist;
				LD_RUNPATH_SEARCH_PATHS = (
					"$(inherited)",
					"@executable_path/Frameworks",
				);
				PRODUCT_BUNDLE_IDENTIFIER = me.tplioy.CICDExample;
				PRODUCT_NAME = "$(TARGET_NAME)";
				PROVISIONING_PROFILE_SPECIFIER = "match Development me.tplioy.CICDExample";
				SWIFT_VERSION = 4.0;
				TARGETED_DEVICE_FAMILY = 1;
				VERSIONING_SYSTEM = "apple-generic";
			};
			name = Debug;
		};
		99339F5621764C3400497F32 /* Release */ = {
			isa = XCBuildConfiguration;
			buildSettings = {
				ASSETCATALOG_COMPILER_APPICON_NAME = AppIcon;
				CODE_SIGN_IDENTITY = "iPhone Distribution";
				CODE_SIGN_STYLE = Manual;
				CURRENT_PROJECT_VERSION = 6;
				DEVELOPMENT_TEAM = 83C3V38WSB;
				INFOPLIST_FILE = CICDExample/Info.plist;
				LD_RUNPATH_SEARCH_PATHS = (
					"$(inherited)",
					"@executable_path/Frameworks",
				);
				PRODUCT_BUNDLE_IDENTIFIER = me.tplioy.CICDExample;
				PRODUCT_NAME = "$(TARGET_NAME)";
				PROVISIONING_PROFILE_SPECIFIER = "match AppStore me.tplioy.CICDExample";
				SWIFT_VERSION = 4.0;
				TARGETED_DEVICE_FAMILY = 1;
				VERSIONING_SYSTEM = "apple-generic";
			};
			name = Release;
		};
		99339F5821764C3400497F32 /* Debug */ = {
			isa = XCBuildConfiguration;
			buildSettings = {
				ALWAYS_EMBED_SWIFT_STANDARD_LIBRARIES = YES;
				BUNDLE_LOADER = "$(TEST_HOST)";
				CODE_SIGN_STYLE = Automatic;
				INFOPLIST_FILE = CICDExampleTests/Info.plist;
				LD_RUNPATH_SEARCH_PATHS = (
					"$(inherited)",
					"@executable_path/Frameworks",
					"@loader_path/Frameworks",
				);
				PRODUCT_BUNDLE_IDENTIFIER = me.tplioy.CICDExampleTests;
				PRODUCT_NAME = "$(TARGET_NAME)";
				SWIFT_VERSION = 4.0;
				TARGETED_DEVICE_FAMILY = "1,2";
				TEST_HOST = "$(BUILT_PRODUCTS_DIR)/CICDExample.app/CICDExample";
			};
			name = Debug;
		};
		99339F5921764C3400497F32 /* Release */ = {
			isa = XCBuildConfiguration;
			buildSettings = {
				ALWAYS_EMBED_SWIFT_STANDARD_LIBRARIES = YES;
				BUNDLE_LOADER = "$(TEST_HOST)";
				CODE_SIGN_STYLE = Automatic;
				INFOPLIST_FILE = CICDExampleTests/Info.plist;
				LD_RUNPATH_SEARCH_PATHS = (
					"$(inherited)",
					"@executable_path/Frameworks",
					"@loader_path/Frameworks",
				);
				PRODUCT_BUNDLE_IDENTIFIER = me.tplioy.CICDExampleTests;
				PRODUCT_NAME = "$(TARGET_NAME)";
				SWIFT_VERSION = 4.0;
				TARGETED_DEVICE_FAMILY = "1,2";
				TEST_HOST = "$(BUILT_PRODUCTS_DIR)/CICDExample.app/CICDExample";
			};
			name = Release;
		};
/* End XCBuildConfiguration section */

/* Begin XCConfigurationList section */
		99339F3221764C3200497F32 /* Build configuration list for PBXProject "CICDExample" */ = {
			isa = XCConfigurationList;
			buildConfigurations = (
				99339F5221764C3400497F32 /* Debug */,
				99339F5321764C3400497F32 /* Release */,
			);
			defaultConfigurationIsVisible = 0;
			defaultConfigurationName = Release;
		};
		99339F5421764C3400497F32 /* Build configuration list for PBXNativeTarget "CICDExample" */ = {
			isa = XCConfigurationList;
			buildConfigurations = (
				99339F5521764C3400497F32 /* Debug */,
				99339F5621764C3400497F32 /* Release */,
			);
			defaultConfigurationIsVisible = 0;
			defaultConfigurationName = Release;
		};
		99339F5721764C3400497F32 /* Build configuration list for PBXNativeTarget "CICDExampleTests" */ = {
			isa = XCConfigurationList;
			buildConfigurations = (
				99339F5821764C3400497F32 /* Debug */,
				99339F5921764C3400497F32 /* Release */,
			);
			defaultConfigurationIsVisible = 0;
			defaultConfigurationName = Release;
		};
/* End XCConfigurationList section */
	};
	rootObject = 99339F2F21764C3200497F32 /* Project object */;
}
